
Microsoft Visual Studio Solution File, Format Version 12.00
# Visual Studio Version 16
VisualStudioVersion = 16.0.30517.126
MinimumVisualStudioVersion = 10.0.40219.1
Project("{FAE04EC0-301F-11D3-BF4B-00C04F79EFBC}") = "FridayWorkWithFiles", "FridayWorkWithFiles\FridayWorkWithFiles.csproj", "{E396BB51-948C-4C55-9DBB-625E72FD8BE8}"
EndProject
Global
	GlobalSection(SolutionConfigurationPlatforms) = preSolution
		Debug|Any CPU = Debug|Any CPU
		Release|Any CPU = Release|Any CPU
	EndGlobalSection
	GlobalSection(ProjectConfigurationPlatforms) = postSolution
		{E396BB51-948C-4C55-9DBB-625E72FD8BE8}.Debug|Any CPU.ActiveCfg = Debug|Any CPU
		{E396BB51-948C-4C55-9DBB-625E72FD8BE8}.Debug|Any CPU.Build.0 = Debug|Any CPU
		{E396BB51-948C-4C55-9DBB-625E72FD8BE8}.Release|Any CPU.ActiveCfg = Release|Any CPU
		{E396BB51-948C-4C55-9DBB-625E72FD8BE8}.Release|Any CPU.Build.0 = Release|Any CPU
	EndGlobalSection
	GlobalSection(SolutionProperties) = preSolution
		HideSolutionNode = FALSE
	EndGlobalSection
	GlobalSection(ExtensibilityGlobals) = postSolution
		SolutionGuid = {ED576477-E9AE-4985-AC9F-E32A392CA280}
	EndGlobalSection
EndGlobal
